
Microsoft Visual Studio Solution File, Format Version 12.00
# Visual Studio Version 17
VisualStudioVersion = 17.4.33122.133
MinimumVisualStudioVersion = 10.0.40219.1
Project("{FAE04EC0-301F-11D3-BF4B-00C04F79EFBC}") = "Pipeline", "Pipeline.csproj", "{A3EF3FBE-6E92-4F36-95E8-65E64354381A}"
EndProject
Global
	GlobalSection(SolutionConfigurationPlatforms) = preSolution
		Debug|Any CPU = Debug|Any CPU
		Release|Any CPU = Release|Any CPU
	EndGlobalSection
	GlobalSection(ProjectConfigurationPlatforms) = postSolution
		{A3EF3FBE-6E92-4F36-95E8-65E64354381A}.Debug|Any CPU.ActiveCfg = Debug|Any CPU
		{A3EF3FBE-6E92-4F36-95E8-65E64354381A}.Debug|Any CPU.Build.0 = Debug|Any CPU
		{A3EF3FBE-6E92-4F36-95E8-65E64354381A}.Release|Any CPU.ActiveCfg = Release|Any CPU
		{A3EF3FBE-6E92-4F36-95E8-65E64354381A}.Release|Any CPU.Build.0 = Release|Any CPU
	EndGlobalSection
	GlobalSection(SolutionProperties) = preSolution
		HideSolutionNode = FALSE
	EndGlobalSection
	GlobalSection(ExtensibilityGlobals) = postSolution
		SolutionGuid = {B70D83AB-DD36-4D2A-A081-C51377684711}
	EndGlobalSection
EndGlobal
